
Microsoft Visual Studio Solution File, Format Version 12.00
# Visual Studio Version 16
VisualStudioVersion = 16.0.32802.440
MinimumVisualStudioVersion = 10.0.40219.1
Project("{FAE04EC0-301F-11D3-BF4B-00C04F79EFBC}") = "EmployeeManagement", "EmployeeManagement\EmployeeManagement.csproj", "{C94BA3E2-34A5-4CAF-ABD1-FC46E8A4E36D}"
EndProject
Global
	GlobalSection(SolutionConfigurationPlatforms) = preSolution
		Debug|Any CPU = Debug|Any CPU
		Release|Any CPU = Release|Any CPU
	EndGlobalSection
	GlobalSection(ProjectConfigurationPlatforms) = postSolution
		{C94BA3E2-34A5-4CAF-ABD1-FC46E8A4E36D}.Debug|Any CPU.ActiveCfg = Debug|Any CPU
		{C94BA3E2-34A5-4CAF-ABD1-FC46E8A4E36D}.Debug|Any CPU.Build.0 = Debug|Any CPU
		{C94BA3E2-34A5-4CAF-ABD1-FC46E8A4E36D}.Release|Any CPU.ActiveCfg = Release|Any CPU
		{C94BA3E2-34A5-4CAF-ABD1-FC46E8A4E36D}.Release|Any CPU.Build.0 = Release|Any CPU
	EndGlobalSection
	GlobalSection(SolutionProperties) = preSolution
		HideSolutionNode = FALSE
	EndGlobalSection
	GlobalSection(ExtensibilityGlobals) = postSolution
		SolutionGuid = {ED128DB2-BA3B-4C75-A245-D703B47CABCB}
	EndGlobalSection
EndGlobal
